
Microsoft Visual Studio Solution File, Format Version 12.00
# Visual Studio Version 16
VisualStudioVersion = 16.0.30503.244
MinimumVisualStudioVersion = 10.0.40219.1
Project("{FAE04EC0-301F-11D3-BF4B-00C04F79EFBC}") = "KnightSolverUI", "KnightSolver\KnightSolverUI.csproj", "{C37E0DD2-A751-4CB6-A855-1C4C119B0F62}"
EndProject
Project("{9A19103F-16F7-4668-BE54-9A1E7A4F7556}") = "KnightSolverUnitTests", "KnightSolverUnitTests\KnightSolverUnitTests.csproj", "{9AB2D7DB-E9A3-49E9-88EC-8DE42213CEB3}"
EndProject
Project("{FAE04EC0-301F-11D3-BF4B-00C04F79EFBC}") = "KnightMazeSolver", "KnightMazeSolver\KnightMazeSolver.csproj", "{44984FFD-6401-40B4-96A4-D7A5BB567BE5}"
EndProject
Global
	GlobalSection(SolutionConfigurationPlatforms) = preSolution
		Debug|Any CPU = Debug|Any CPU
		Release|Any CPU = Release|Any CPU
	EndGlobalSection
	GlobalSection(ProjectConfigurationPlatforms) = postSolution
		{C37E0DD2-A751-4CB6-A855-1C4C119B0F62}.Debug|Any CPU.ActiveCfg = Debug|Any CPU
		{C37E0DD2-A751-4CB6-A855-1C4C119B0F62}.Debug|Any CPU.Build.0 = Debug|Any CPU
		{C37E0DD2-A751-4CB6-A855-1C4C119B0F62}.Release|Any CPU.ActiveCfg = Release|Any CPU
		{C37E0DD2-A751-4CB6-A855-1C4C119B0F62}.Release|Any CPU.Build.0 = Release|Any CPU
		{9AB2D7DB-E9A3-49E9-88EC-8DE42213CEB3}.Debug|Any CPU.ActiveCfg = Debug|Any CPU
		{9AB2D7DB-E9A3-49E9-88EC-8DE42213CEB3}.Debug|Any CPU.Build.0 = Debug|Any CPU
		{9AB2D7DB-E9A3-49E9-88EC-8DE42213CEB3}.Release|Any CPU.ActiveCfg = Release|Any CPU
		{9AB2D7DB-E9A3-49E9-88EC-8DE42213CEB3}.Release|Any CPU.Build.0 = Release|Any CPU
		{44984FFD-6401-40B4-96A4-D7A5BB567BE5}.Debug|Any CPU.ActiveCfg = Debug|Any CPU
		{44984FFD-6401-40B4-96A4-D7A5BB567BE5}.Debug|Any CPU.Build.0 = Debug|Any CPU
		{44984FFD-6401-40B4-96A4-D7A5BB567BE5}.Release|Any CPU.ActiveCfg = Release|Any CPU
		{44984FFD-6401-40B4-96A4-D7A5BB567BE5}.Release|Any CPU.Build.0 = Release|Any CPU
	EndGlobalSection
	GlobalSection(SolutionProperties) = preSolution
		HideSolutionNode = FALSE
	EndGlobalSection
	GlobalSection(ExtensibilityGlobals) = postSolution
		SolutionGuid = {91E1CE20-DDEE-400C-9992-5E0C1832F0EB}
	EndGlobalSection
EndGlobal
